
Microsoft Visual Studio Solution File, Format Version 12.00
# Visual Studio Version 16
VisualStudioVersion = 16.0.31205.134
MinimumVisualStudioVersion = 10.0.40219.1
Project("{FAE04EC0-301F-11D3-BF4B-00C04F79EFBC}") = "ASP_BlogSpot", "ASP_BlogSpot.csproj", "{84DF76D4-DC1A-46B2-B2C1-A3C90F2FB63B}"
EndProject
Global
	GlobalSection(SolutionConfigurationPlatforms) = preSolution
		Debug|Any CPU = Debug|Any CPU
		Release|Any CPU = Release|Any CPU
	EndGlobalSection
	GlobalSection(ProjectConfigurationPlatforms) = postSolution
		{84DF76D4-DC1A-46B2-B2C1-A3C90F2FB63B}.Debug|Any CPU.ActiveCfg = Debug|Any CPU
		{84DF76D4-DC1A-46B2-B2C1-A3C90F2FB63B}.Debug|Any CPU.Build.0 = Debug|Any CPU
		{84DF76D4-DC1A-46B2-B2C1-A3C90F2FB63B}.Release|Any CPU.ActiveCfg = Release|Any CPU
		{84DF76D4-DC1A-46B2-B2C1-A3C90F2FB63B}.Release|Any CPU.Build.0 = Release|Any CPU
	EndGlobalSection
	GlobalSection(SolutionProperties) = preSolution
		HideSolutionNode = FALSE
	EndGlobalSection
	GlobalSection(ExtensibilityGlobals) = postSolution
		SolutionGuid = {C6E94449-ABD4-4B9F-AEEA-9CDB1677F312}
	EndGlobalSection
EndGlobal
